// !$*UTF8*$!
{
	archiveVersion = 1;
	classes = {
	};
	objectVersion = 46;
	objects = {

/* Begin PBXBuildFile section */
		C1B645BA1F0DDFDC00CAAFBF /* AppDelegate.swift in Sources */ = {isa = PBXBuildFile; fileRef = C1B645B91F0DDFDC00CAAFBF /* AppDelegate.swift */; };
		C1B645BC1F0DDFDC00CAAFBF /* ViewController.swift in Sources */ = {isa = PBXBuildFile; fileRef = C1B645BB1F0DDFDC00CAAFBF /* ViewController.swift */; };
		C1B645BF1F0DDFDC00CAAFBF /* Main.storyboard in Resources */ = {isa = PBXBuildFile; fileRef = C1B645BD1F0DDFDC00CAAFBF /* Main.storyboard */; };
		C1B645C11F0DDFDC00CAAFBF /* Assets.xcassets in Resources */ = {isa = PBXBuildFile; fileRef = C1B645C01F0DDFDC00CAAFBF /* Assets.xcassets */; };
		C1B645C41F0DDFDC00CAAFBF /* LaunchScreen.storyboard in Resources */ = {isa = PBXBuildFile; fileRef = C1B645C21F0DDFDC00CAAFBF /* LaunchScreen.storyboard */; };
/* End PBXBuildFile section */

/* Begin PBXFileReference section */
		C1B645B61F0DDFDC00CAAFBF /* iOS Assignment.app */ = {isa = PBXFileReference; explicitFileType = wrapper.application; includeInIndex = 0; path = "iOS Assignment.app"; sourceTree = BUILT_PRODUCTS_DIR; };
		C1B645B91F0DDFDC00CAAFBF /* AppDelegate.swift */ = {isa = PBXFileReference; lastKnownFileType = sourcecode.swift; path = AppDelegate.swift; sourceTree = "<group>"; };
		C1B645BB1F0DDFDC00CAAFBF /* ViewController.swift */ = {isa = PBXFileReference; lastKnownFileType = sourcecode.swift; path = ViewController.swift; sourceTree = "<group>"; };
		C1B645BE1F0DDFDC00CAAFBF /* Base */ = {isa = PBXFileReference; lastKnownFileType = file.storyboard; name = Base; path = Base.lproj/Main.storyboard; sourceTree = "<group>"; };
		C1B645C01F0DDFDC00CAAFBF /* Assets.xcassets */ = {isa = PBXFileReference; lastKnownFileType = folder.assetcatalog; path = Assets.xcassets; sourceTree = "<group>"; };
		C1B645C31F0DDFDC00CAAFBF /* Base */ = {isa = PBXFileReference; lastKnownFileType = file.storyboard; name = Base; path = Base.lproj/LaunchScreen.storyboard; sourceTree = "<group>"; };
		C1B645C51F0DDFDC00CAAFBF /* Info.plist */ = {isa = PBXFileReference; lastKnownFileType = text.plist.xml; path = Info.plist; sourceTree = "<group>"; };
/* End PBXFileReference section */

/* Begin PBXFrameworksBuildPhase section */
		C1B645B31F0DDFDC00CAAFBF /* Frameworks */ = {
			isa = PBXFrameworksBuildPhase;
			buildActionMask = 2147483647;
			files = (
			);
			runOnlyForDeploymentPostprocessing = 0;
		};
/* End PBXFrameworksBuildPhase section */

/* Begin PBXGroup section */
		C1B645AD1F0DDFDB00CAAFBF = {
			isa = PBXGroup;
			children = (
				C1B645B81F0DDFDC00CAAFBF /* iOS Assignment */,
				C1B645B71F0DDFDC00CAAFBF /* Products */,
			);
			sourceTree = "<group>";
		};
		C1B645B71F0DDFDC00CAAFBF /* Products */ = {
			isa = PBXGroup;
			children = (
				C1B645B61F0DDFDC00CAAFBF /* iOS Assignment.app */,
			);
			name = Products;
			sourceTree = "<group>";
		};
		C1B645B81F0DDFDC00CAAFBF /* iOS Assignment */ = {
			isa = PBXGroup;
			children = (
				C1B645B91F0DDFDC00CAAFBF /* AppDelegate.swift */,
				C1B645BB1F0DDFDC00CAAFBF /* ViewController.swift */,
				C1B645BD1F0DDFDC00CAAFBF /* Main.storyboard */,
				C1B645C01F0DDFDC00CAAFBF /* Assets.xcassets */,
				C1B645C21F0DDFDC00CAAFBF /* LaunchScreen.storyboard */,
				C1B645C51F0DDFDC00CAAFBF /* Info.plist */,
			);
			path = "iOS Assignment";
			sourceTree = "<group>";
		};
/* End PBXGroup section */

/* Begin PBXNativeTarget section */
		C1B645B51F0DDFDC00CAAFBF /* iOS Assignment */ = {
			isa = PBXNativeTarget;
			buildConfigurationList = C1B645C81F0DDFDC00CAAFBF /* Build configuration list for PBXNativeTarget "iOS Assignment" */;
			buildPhases = (
				C1B645B21F0DDFDC00CAAFBF /* Sources */,
				C1B645B31F0DDFDC00CAAFBF /* Frameworks */,
				C1B645B41F0DDFDC00CAAFBF /* Resources */,
			);
			buildRules = (
			);
			dependencies = (
			);
			name = "iOS Assignment";
			productName = "iOS Assignment";
			productReference = C1B645B61F0DDFDC00CAAFBF /* iOS Assignment.app */;
			productType = "com.apple.product-type.application";
		};
/* End PBXNativeTarget section */

/* Begin PBXProject section */
		C1B645AE1F0DDFDB00CAAFBF /* Project object */ = {
			isa = PBXProject;
			attributes = {
				LastSwiftUpdateCheck = 0830;
				LastUpgradeCheck = 0830;
				ORGANIZATIONNAME = "Guneet Singh";
				TargetAttributes = {
					C1B645B51F0DDFDC00CAAFBF = {
						CreatedOnToolsVersion = 8.3.3;
						DevelopmentTeam = TDXTQVQ73E;
						ProvisioningStyle = Automatic;
					};
				};
			};
			buildConfigurationList = C1B645B11F0DDFDB00CAAFBF /* Build configuration list for PBXProject "iOS Assignment" */;
			compatibilityVersion = "Xcode 3.2";
			developmentRegion = English;
			hasScannedForEncodings = 0;
			knownRegions = (
				en,
				Base,
			);
			mainGroup = C1B645AD1F0DDFDB00CAAFBF;
			productRefGroup = C1B645B71F0DDFDC00CAAFBF /* Products */;
			projectDirPath = "";
			projectRoot = "";
			targets = (
				C1B645B51F0DDFDC00CAAFBF /* iOS Assignment */,
			);
		};
/* End PBXProject section */

/* Begin PBXResourcesBuildPhase section */
		C1B645B41F0DDFDC00CAAFBF /* Resources */ = {
			isa = PBXResourcesBuildPhase;
			buildActionMask = 2147483647;
			files = (
				C1B645C41F0DDFDC00CAAFBF /* LaunchScreen.storyboard in Resources */,
				C1B645C11F0DDFDC00CAAFBF /* Assets.xcassets in Resources */,
				C1B645BF1F0DDFDC00CAAFBF /* Main.storyboard in Resources */,
			);
			runOnlyForDeploymentPostprocessing = 0;
		};
/* End PBXResourcesBuildPhase section */

/* Begin PBXSourcesBuildPhase section */
		C1B645B21F0DDFDC00CAAFBF /* Sources */ = {
			isa = PBXSourcesBuildPhase;
			buildActionMask = 2147483647;
			files = (
				C1B645BC1F0DDFDC00CAAFBF /* ViewController.swift in Sources */,
				C1B645BA1F0DDFDC00CAAFBF /* AppDelegate.swift in Sources */,
			);
			runOnlyForDeploymentPostprocessing = 0;
		};
/* End PBXSourcesBuildPhase section */

/* Begin PBXVariantGroup section */
		C1B645BD1F0DDFDC00CAAFBF /* Main.storyboard */ = {
			isa = PBXVariantGroup;
			children = (
				C1B645BE1F0DDFDC00CAAFBF /* Base */,
			);
			name = Main.storyboard;
			sourceTree = "<group>";
		};
		C1B645C21F0DDFDC00CAAFBF /* LaunchScreen.storyboard */ = {
			isa = PBXVariantGroup;
			children = (
				C1B645C31F0DDFDC00CAAFBF /* Base */,
			);
			name = LaunchScreen.storyboard;
			sourceTree = "<group>";
		};
/* End PBXVariantGroup section */

/* Begin XCBuildConfiguration section */
		C1B645C61F0DDFDC00CAAFBF /* Debug */ = {
			isa = XCBuildConfiguration;
			buildSettings = {
				ALWAYS_SEARCH_USER_PATHS = NO;
				CLANG_ANALYZER_NONNULL = YES;
				CLANG_ANALYZER_NUMBER_OBJECT_CONVERSION = YES_AGGRESSIVE;
				CLANG_CXX_LANGUAGE_STANDARD = "gnu++0x";
				CLANG_CXX_LIBRARY = "libc++";
				CLANG_ENABLE_MODULES = YES;
				CLANG_ENABLE_OBJC_ARC = YES;
				CLANG_WARN_BOOL_CONVERSION = YES;
				CLANG_WARN_CONSTANT_CONVERSION = YES;
				CLANG_WARN_DIRECT_OBJC_ISA_USAGE = YES_ERROR;
				CLANG_WARN_DOCUMENTATION_COMMENTS = YES;
				CLANG_WARN_EMPTY_BODY = YES;
				CLANG_WARN_ENUM_CONVERSION = YES;
				CLANG_WARN_INFINITE_RECURSION = YES;
				CLANG_WARN_INT_CONVERSION = YES;
				CLANG_WARN_OBJC_ROOT_CLASS = YES_ERROR;
				CLANG_WARN_SUSPICIOUS_MOVE = YES;
				CLANG_WARN_UNREACHABLE_CODE = YES;
				CLANG_WARN__DUPLICATE_METHOD_MATCH = YES;
				"CODE_SIGN_IDENTITY[sdk=iphoneos*]" = "iPhone Developer";
				COPY_PHASE_STRIP = NO;
				DEBUG_INFORMATION_FORMAT = dwarf;
				ENABLE_STRICT_OBJC_MSGSEND = YES;
				ENABLE_TESTABILITY = YES;
				GCC_C_LANGUAGE_STANDARD = gnu99;
				GCC_DYNAMIC_NO_PIC = NO;
				GCC_NO_COMMON_BLOCKS = YES;
				GCC_OPTIMIZATION_LEVEL = 0;
				GCC_PREPROCESSOR_DEFINITIONS = (
					"DEBUG=1",
					"$(inherited)",
				);
				GCC_WARN_64_TO_32_BIT_CONVERSION = YES;
				GCC_WARN_ABOUT_RETURN_TYPE = YES_ERROR;
				GCC_WARN_UNDECLARED_SELECTOR = YES;
				GCC_WARN_UNINITIALIZED_AUTOS = YES_AGGRESSIVE;
				GCC_WARN_UNUSED_FUNCTION = YES;
				GCC_WARN_UNUSED_VARIABLE = YES;
				IPHONEOS_DEPLOYMENT_TARGET = 10.3;
				MTL_ENABLE_DEBUG_INFO = YES;
				ONLY_ACTIVE_ARCH = YES;
				SDKROOT = iphoneos;
				SWIFT_ACTIVE_COMPILATION_CONDITIONS = DEBUG;
				SWIFT_OPTIMIZATION_LEVEL = "-Onone";
				TARGETED_DEVICE_FAMILY = "1,2";
			};
			name = Debug;
		};
		C1B645C71F0DDFDC00CAAFBF /* Release */ = {
			isa = XCBuildConfiguration;
			buildSettings = {
				ALWAYS_SEARCH_USER_PATHS = NO;
				CLANG_ANALYZER_NONNULL = YES;
				CLANG_ANALYZER_NUMBER_OBJECT_CONVERSION = YES_AGGRESSIVE;
				CLANG_CXX_LANGUAGE_STANDARD = "gnu++0x";
				CLANG_CXX_LIBRARY = "libc++";
				CLANG_ENABLE_MODULES = YES;
				CLANG_ENABLE_OBJC_ARC = YES;
				CLANG_WARN_BOOL_CONVERSION = YES;
				CLANG_WARN_CONSTANT_CONVERSION = YES;
				CLANG_WARN_DIRECT_OBJC_ISA_USAGE = YES_ERROR;
				CLANG_WARN_DOCUMENTATION_COMMENTS = YES;
				CLANG_WARN_EMPTY_BODY = YES;
				CLANG_WARN_ENUM_CONVERSION = YES;
				CLANG_WARN_INFINITE_RECURSION = YES;
				CLANG_WARN_INT_CONVERSION = YES;
				CLANG_WARN_OBJC_ROOT_CLASS = YES_ERROR;
				CLANG_WARN_SUSPICIOUS_MOVE = YES;
				CLANG_WARN_UNREACHABLE_CODE = YES;
				CLANG_WARN__DUPLICATE_METHOD_MATCH = YES;
				"CODE_SIGN_IDENTITY[sdk=iphoneos*]" = "iPhone Developer";
				COPY_PHASE_STRIP = NO;
				DEBUG_INFORMATION_FORMAT = "dwarf-with-dsym";
				ENABLE_NS_ASSERTIONS = NO;
				ENABLE_STRICT_OBJC_MSGSEND = YES;
				GCC_C_LANGUAGE_STANDARD = gnu99;
				GCC_NO_COMMON_BLOCKS = YES;
				GCC_WARN_64_TO_32_BIT_CONVERSION = YES;
				GCC_WARN_ABOUT_RETURN_TYPE = YES_ERROR;
				GCC_WARN_UNDECLARED_SELECTOR = YES;
				GCC_WARN_UNINITIALIZED_AUTOS = YES_AGGRESSIVE;
				GCC_WARN_UNUSED_FUNCTION = YES;
				GCC_WARN_UNUSED_VARIABLE = YES;
				IPHONEOS_DEPLOYMENT_TARGET = 10.3;
				MTL_ENABLE_DEBUG_INFO = NO;
				SDKROOT = iphoneos;
				SWIFT_OPTIMIZATION_LEVEL = "-Owholemodule";
				TARGETED_DEVICE_FAMILY = "1,2";
				VALIDATE_PRODUCT = YES;
			};
			name = Release;
		};
		C1B645C91F0DDFDC00CAAFBF /* Debug */ = {
			isa = XCBuildConfiguration;
			buildSettings = {
				ASSETCATALOG_COMPILER_APPICON_NAME = AppIcon;
				DEVELOPMENT_TEAM = TDXTQVQ73E;
				INFOPLIST_FILE = "iOS Assignment/Info.plist";
				LD_RUNPATH_SEARCH_PATHS = "$(inherited) @executable_path/Frameworks";
				PRODUCT_BUNDLE_IDENTIFIER = "guneetsingh.iOS-Assignment-3";
				PRODUCT_NAME = "$(TARGET_NAME)";
				SWIFT_VERSION = 3.0;
			};
			name = Debug;
		};
		C1B645CA1F0DDFDC00CAAFBF /* Release */ = {
			isa = XCBuildConfiguration;
			buildSettings = {
				ASSETCATALOG_COMPILER_APPICON_NAME = AppIcon;
				DEVELOPMENT_TEAM = TDXTQVQ73E;
				INFOPLIST_FILE = "iOS Assignment/Info.plist";
				LD_RUNPATH_SEARCH_PATHS = "$(inherited) @executable_path/Frameworks";
				PRODUCT_BUNDLE_IDENTIFIER = "guneetsingh.iOS-Assignment-3";
				PRODUCT_NAME = "$(TARGET_NAME)";
				SWIFT_VERSION = 3.0;
			};
			name = Release;
		};
/* End XCBuildConfiguration section */

/* Begin XCConfigurationList section */
		C1B645B11F0DDFDB00CAAFBF /* Build configuration list for PBXProject "iOS Assignment" */ = {
			isa = XCConfigurationList;
			buildConfigurations = (
				C1B645C61F0DDFDC00CAAFBF /* Debug */,
				C1B645C71F0DDFDC00CAAFBF /* Release */,
			);
			defaultConfigurationIsVisible = 0;
			defaultConfigurationName = Release;
		};
		C1B645C81F0DDFDC00CAAFBF /* Build configuration list for PBXNativeTarget "iOS Assignment" */ = {
			isa = XCConfigurationList;
			buildConfigurations = (
				C1B645C91F0DDFDC00CAAFBF /* Debug */,
				C1B645CA1F0DDFDC00CAAFBF /* Release */,
			);
			defaultConfigurationIsVisible = 0;
			defaultConfigurationName = Release;
		};
/* End XCConfigurationList section */
	};
	rootObject = C1B645AE1F0DDFDB00CAAFBF /* Project object */;
}
